
Microsoft Visual Studio Solution File, Format Version 10.00
# Visual Studio 2008
Project("{2150E333-8FDC-42A3-9474-1A3956D46DE8}") = "Client", "Client", "{6DEC3134-5848-4A99-A153-D1C0CE2CEDBD}"
EndProject
Project("{2150E333-8FDC-42A3-9474-1A3956D46DE8}") = "Engine", "Engine", "{88AA4FF5-8DD0-4E21-937E-1F3D9C8643A6}"
EndProject
Project("{2150E333-8FDC-42A3-9474-1A3956D46DE8}") = "Tool", "Tool", "{A7CF8009-5B29-4D6B-A195-B57324F993B1}"
EndProject
Project("{8BC9CEB8-8B4A-11D0-8D11-00A0C91BC942}") = "Client", "Client\Include\Client.vcproj", "{FC20855C-E3C1-4389-B5A8-BC6AAB8F5066}"
EndProject
Project("{2150E333-8FDC-42A3-9474-1A3956D46DE8}") = "00. System", "00. System", "{B77E5CF7-7E48-4B93-B9CF-8AA7E3E77DD9}"
EndProject
Project("{2150E333-8FDC-42A3-9474-1A3956D46DE8}") = "01. Utility", "01. Utility", "{59354E51-AEA2-4D2B-B46D-61E65EE71F26}"
EndProject
Project("{2150E333-8FDC-42A3-9474-1A3956D46DE8}") = "02. Resource", "02. Resource", "{8FBD35DF-0732-4CCE-A8F2-50EB59260E68}"
EndProject
Project("{2150E333-8FDC-42A3-9474-1A3956D46DE8}") = "98. Export", "98. Export", "{D46E73F7-9E77-4422-A97D-FB3225744235}"
	ProjectSection(SolutionItems) = preProject
		Engine\Export\Export_Function.h = Engine\Export\Export_Function.h
	EndProjectSection
EndProject
Project("{2150E333-8FDC-42A3-9474-1A3956D46DE8}") = "99. Headers", "99. Headers", "{0D0F142E-F118-4F2B-92B7-0516703DCECD}"
	ProjectSection(SolutionItems) = preProject
		Engine\Headers\Engine_Enum.h = Engine\Headers\Engine_Enum.h
		Engine\Headers\Engine_Function.h = Engine\Headers\Engine_Function.h
		Engine\Headers\Engine_Functor.h = Engine\Headers\Engine_Functor.h
		Engine\Headers\Engine_Include.h = Engine\Headers\Engine_Include.h
		Engine\Headers\Engine_Macro.h = Engine\Headers\Engine_Macro.h
		Engine\Headers\Engine_Struct.h = Engine\Headers\Engine_Struct.h
	EndProjectSection
EndProject
Project("{8BC9CEB8-8B4A-11D0-8D11-00A0C91BC942}") = "Tool", "Tool\Include\Tool.vcproj", "{60629207-FE72-4D69-9A2A-00D12704CB75}"
EndProject
Project("{8BC9CEB8-8B4A-11D0-8D11-00A0C91BC942}") = "System", "Engine\System\Include\System.vcproj", "{F8CC7C1A-07BF-4FCE-B91B-0F87DDC894AE}"
EndProject
Project("{8BC9CEB8-8B4A-11D0-8D11-00A0C91BC942}") = "Utility", "Engine\Utility\Include\Utility.vcproj", "{7F39BE41-A32E-48BB-AE69-6B70CB7FC8FE}"
EndProject
Project("{8BC9CEB8-8B4A-11D0-8D11-00A0C91BC942}") = "Resources", "Engine\Resources\Include\Resources.vcproj", "{837B01B6-3D16-4E84-BC80-5A3F81EF1321}"
EndProject
Global
	GlobalSection(SolutionConfigurationPlatforms) = preSolution
		Debug|Win32 = Debug|Win32
		Release|Win32 = Release|Win32
	EndGlobalSection
	GlobalSection(ProjectConfigurationPlatforms) = postSolution
		{FC20855C-E3C1-4389-B5A8-BC6AAB8F5066}.Debug|Win32.ActiveCfg = Debug|Win32
		{FC20855C-E3C1-4389-B5A8-BC6AAB8F5066}.Debug|Win32.Build.0 = Debug|Win32
		{FC20855C-E3C1-4389-B5A8-BC6AAB8F5066}.Release|Win32.ActiveCfg = Release|Win32
		{FC20855C-E3C1-4389-B5A8-BC6AAB8F5066}.Release|Win32.Build.0 = Release|Win32
		{60629207-FE72-4D69-9A2A-00D12704CB75}.Debug|Win32.ActiveCfg = Debug|Win32
		{60629207-FE72-4D69-9A2A-00D12704CB75}.Debug|Win32.Build.0 = Debug|Win32
		{60629207-FE72-4D69-9A2A-00D12704CB75}.Release|Win32.ActiveCfg = Release|Win32
		{60629207-FE72-4D69-9A2A-00D12704CB75}.Release|Win32.Build.0 = Release|Win32
		{F8CC7C1A-07BF-4FCE-B91B-0F87DDC894AE}.Debug|Win32.ActiveCfg = Debug|Win32
		{F8CC7C1A-07BF-4FCE-B91B-0F87DDC894AE}.Debug|Win32.Build.0 = Debug|Win32
		{F8CC7C1A-07BF-4FCE-B91B-0F87DDC894AE}.Release|Win32.ActiveCfg = Release|Win32
		{F8CC7C1A-07BF-4FCE-B91B-0F87DDC894AE}.Release|Win32.Build.0 = Release|Win32
		{7F39BE41-A32E-48BB-AE69-6B70CB7FC8FE}.Debug|Win32.ActiveCfg = Debug|Win32
		{7F39BE41-A32E-48BB-AE69-6B70CB7FC8FE}.Debug|Win32.Build.0 = Debug|Win32
		{7F39BE41-A32E-48BB-AE69-6B70CB7FC8FE}.Release|Win32.ActiveCfg = Release|Win32
		{7F39BE41-A32E-48BB-AE69-6B70CB7FC8FE}.Release|Win32.Build.0 = Release|Win32
		{837B01B6-3D16-4E84-BC80-5A3F81EF1321}.Debug|Win32.ActiveCfg = Debug|Win32
		{837B01B6-3D16-4E84-BC80-5A3F81EF1321}.Debug|Win32.Build.0 = Debug|Win32
		{837B01B6-3D16-4E84-BC80-5A3F81EF1321}.Release|Win32.ActiveCfg = Release|Win32
		{837B01B6-3D16-4E84-BC80-5A3F81EF1321}.Release|Win32.Build.0 = Release|Win32
	EndGlobalSection
	GlobalSection(SolutionProperties) = preSolution
		HideSolutionNode = FALSE
	EndGlobalSection
	GlobalSection(NestedProjects) = preSolution
		{FC20855C-E3C1-4389-B5A8-BC6AAB8F5066} = {6DEC3134-5848-4A99-A153-D1C0CE2CEDBD}
		{B77E5CF7-7E48-4B93-B9CF-8AA7E3E77DD9} = {88AA4FF5-8DD0-4E21-937E-1F3D9C8643A6}
		{59354E51-AEA2-4D2B-B46D-61E65EE71F26} = {88AA4FF5-8DD0-4E21-937E-1F3D9C8643A6}
		{8FBD35DF-0732-4CCE-A8F2-50EB59260E68} = {88AA4FF5-8DD0-4E21-937E-1F3D9C8643A6}
		{D46E73F7-9E77-4422-A97D-FB3225744235} = {88AA4FF5-8DD0-4E21-937E-1F3D9C8643A6}
		{0D0F142E-F118-4F2B-92B7-0516703DCECD} = {88AA4FF5-8DD0-4E21-937E-1F3D9C8643A6}
		{60629207-FE72-4D69-9A2A-00D12704CB75} = {A7CF8009-5B29-4D6B-A195-B57324F993B1}
		{F8CC7C1A-07BF-4FCE-B91B-0F87DDC894AE} = {B77E5CF7-7E48-4B93-B9CF-8AA7E3E77DD9}
		{7F39BE41-A32E-48BB-AE69-6B70CB7FC8FE} = {59354E51-AEA2-4D2B-B46D-61E65EE71F26}
		{837B01B6-3D16-4E84-BC80-5A3F81EF1321} = {8FBD35DF-0732-4CCE-A8F2-50EB59260E68}
	EndGlobalSection
EndGlobal
